// !$*UTF8*$!
{
	archiveVersion = 1;
	classes = {
	};
	objectVersion = 55;
	objects = {

/* Begin PBXBuildFile section */
		1220DCC42845C9A700DFF497 /* ODCalendarMonth.swift in Sources */ = {isa = PBXBuildFile; fileRef = 1220DCBD2845C9A700DFF497 /* ODCalendarMonth.swift */; };
		1220DCC52845C9A700DFF497 /* ODCalendarWeekdayHeader.swift in Sources */ = {isa = PBXBuildFile; fileRef = 1220DCBE2845C9A700DFF497 /* ODCalendarWeekdayHeader.swift */; };
		1220DCC62845C9A700DFF497 /* ODCalendarDate.swift in Sources */ = {isa = PBXBuildFile; fileRef = 1220DCBF2845C9A700DFF497 /* ODCalendarDate.swift */; };
		1220DCC72845C9A700DFF497 /* ODCalendarView.swift in Sources */ = {isa = PBXBuildFile; fileRef = 1220DCC02845C9A700DFF497 /* ODCalendarView.swift */; };
		1220DCC82845C9A700DFF497 /* ODCalendarCell.swift in Sources */ = {isa = PBXBuildFile; fileRef = 1220DCC12845C9A700DFF497 /* ODCalendarCell.swift */; };
		1220DCC92845C9A700DFF497 /* ODCalendarManager.swift in Sources */ = {isa = PBXBuildFile; fileRef = 1220DCC22845C9A700DFF497 /* ODCalendarManager.swift */; };
		1220DCCA2845C9A700DFF497 /* ODCalendarColorSettings.swift in Sources */ = {isa = PBXBuildFile; fileRef = 1220DCC32845C9A700DFF497 /* ODCalendarColorSettings.swift */; };
		1291A675284508C5002937AD /* OnDocCalendarDemoApp.swift in Sources */ = {isa = PBXBuildFile; fileRef = 1291A674284508C5002937AD /* OnDocCalendarDemoApp.swift */; };
		1291A677284508C5002937AD /* ContentView.swift in Sources */ = {isa = PBXBuildFile; fileRef = 1291A676284508C5002937AD /* ContentView.swift */; };
		1291A679284508C7002937AD /* Assets.xcassets in Resources */ = {isa = PBXBuildFile; fileRef = 1291A678284508C7002937AD /* Assets.xcassets */; };
		1291A67C284508C7002937AD /* Preview Assets.xcassets in Resources */ = {isa = PBXBuildFile; fileRef = 1291A67B284508C7002937AD /* Preview Assets.xcassets */; };
/* End PBXBuildFile section */

/* Begin PBXFileReference section */
		1220DCBD2845C9A700DFF497 /* ODCalendarMonth.swift */ = {isa = PBXFileReference; fileEncoding = 4; lastKnownFileType = sourcecode.swift; path = ODCalendarMonth.swift; sourceTree = "<group>"; };
		1220DCBE2845C9A700DFF497 /* ODCalendarWeekdayHeader.swift */ = {isa = PBXFileReference; fileEncoding = 4; lastKnownFileType = sourcecode.swift; path = ODCalendarWeekdayHeader.swift; sourceTree = "<group>"; };
		1220DCBF2845C9A700DFF497 /* ODCalendarDate.swift */ = {isa = PBXFileReference; fileEncoding = 4; lastKnownFileType = sourcecode.swift; path = ODCalendarDate.swift; sourceTree = "<group>"; };
		1220DCC02845C9A700DFF497 /* ODCalendarView.swift */ = {isa = PBXFileReference; fileEncoding = 4; lastKnownFileType = sourcecode.swift; path = ODCalendarView.swift; sourceTree = "<group>"; };
		1220DCC12845C9A700DFF497 /* ODCalendarCell.swift */ = {isa = PBXFileReference; fileEncoding = 4; lastKnownFileType = sourcecode.swift; path = ODCalendarCell.swift; sourceTree = "<group>"; };
		1220DCC22845C9A700DFF497 /* ODCalendarManager.swift */ = {isa = PBXFileReference; fileEncoding = 4; lastKnownFileType = sourcecode.swift; path = ODCalendarManager.swift; sourceTree = "<group>"; };
		1220DCC32845C9A700DFF497 /* ODCalendarColorSettings.swift */ = {isa = PBXFileReference; fileEncoding = 4; lastKnownFileType = sourcecode.swift; path = ODCalendarColorSettings.swift; sourceTree = "<group>"; };
		1291A671284508C5002937AD /* OnDocCalendarDemo.app */ = {isa = PBXFileReference; explicitFileType = wrapper.application; includeInIndex = 0; path = OnDocCalendarDemo.app; sourceTree = BUILT_PRODUCTS_DIR; };
		1291A674284508C5002937AD /* OnDocCalendarDemoApp.swift */ = {isa = PBXFileReference; lastKnownFileType = sourcecode.swift; path = OnDocCalendarDemoApp.swift; sourceTree = "<group>"; };
		1291A676284508C5002937AD /* ContentView.swift */ = {isa = PBXFileReference; lastKnownFileType = sourcecode.swift; path = ContentView.swift; sourceTree = "<group>"; };
		1291A678284508C7002937AD /* Assets.xcassets */ = {isa = PBXFileReference; lastKnownFileType = folder.assetcatalog; path = Assets.xcassets; sourceTree = "<group>"; };
		1291A67B284508C7002937AD /* Preview Assets.xcassets */ = {isa = PBXFileReference; lastKnownFileType = folder.assetcatalog; path = "Preview Assets.xcassets"; sourceTree = "<group>"; };
/* End PBXFileReference section */

/* Begin PBXFrameworksBuildPhase section */
		1291A66E284508C5002937AD /* Frameworks */ = {
			isa = PBXFrameworksBuildPhase;
			buildActionMask = 2147483647;
			files = (
			);
			runOnlyForDeploymentPostprocessing = 0;
		};
/* End PBXFrameworksBuildPhase section */

/* Begin PBXGroup section */
		1220DCBC2845C9A700DFF497 /* OnDocCalendar */ = {
			isa = PBXGroup;
			children = (
				1220DCBD2845C9A700DFF497 /* ODCalendarMonth.swift */,
				1220DCBE2845C9A700DFF497 /* ODCalendarWeekdayHeader.swift */,
				1220DCBF2845C9A700DFF497 /* ODCalendarDate.swift */,
				1220DCC02845C9A700DFF497 /* ODCalendarView.swift */,
				1220DCC12845C9A700DFF497 /* ODCalendarCell.swift */,
				1220DCC22845C9A700DFF497 /* ODCalendarManager.swift */,
				1220DCC32845C9A700DFF497 /* ODCalendarColorSettings.swift */,
			);
			name = OnDocCalendar;
			path = ../../Sources/OnDocCalendar;
			sourceTree = "<group>";
		};
		1291A668284508C5002937AD = {
			isa = PBXGroup;
			children = (
				1291A673284508C5002937AD /* OnDocCalendarDemo */,
				1291A672284508C5002937AD /* Products */,
			);
			sourceTree = "<group>";
		};
		1291A672284508C5002937AD /* Products */ = {
			isa = PBXGroup;
			children = (
				1291A671284508C5002937AD /* OnDocCalendarDemo.app */,
			);
			name = Products;
			sourceTree = "<group>";
		};
		1291A673284508C5002937AD /* OnDocCalendarDemo */ = {
			isa = PBXGroup;
			children = (
				1220DCBC2845C9A700DFF497 /* OnDocCalendar */,
				1291A674284508C5002937AD /* OnDocCalendarDemoApp.swift */,
				1291A676284508C5002937AD /* ContentView.swift */,
				1291A678284508C7002937AD /* Assets.xcassets */,
				1291A67A284508C7002937AD /* Preview Content */,
			);
			path = OnDocCalendarDemo;
			sourceTree = "<group>";
		};
		1291A67A284508C7002937AD /* Preview Content */ = {
			isa = PBXGroup;
			children = (
				1291A67B284508C7002937AD /* Preview Assets.xcassets */,
			);
			path = "Preview Content";
			sourceTree = "<group>";
		};
/* End PBXGroup section */

/* Begin PBXNativeTarget section */
		1291A670284508C5002937AD /* OnDocCalendarDemo */ = {
			isa = PBXNativeTarget;
			buildConfigurationList = 1291A67F284508C7002937AD /* Build configuration list for PBXNativeTarget "OnDocCalendarDemo" */;
			buildPhases = (
				1291A66D284508C5002937AD /* Sources */,
				1291A66E284508C5002937AD /* Frameworks */,
				1291A66F284508C5002937AD /* Resources */,
			);
			buildRules = (
			);
			dependencies = (
			);
			name = OnDocCalendarDemo;
			packageProductDependencies = (
			);
			productName = OnDocCalendarDemo;
			productReference = 1291A671284508C5002937AD /* OnDocCalendarDemo.app */;
			productType = "com.apple.product-type.application";
		};
/* End PBXNativeTarget section */

/* Begin PBXProject section */
		1291A669284508C5002937AD /* Project object */ = {
			isa = PBXProject;
			attributes = {
				BuildIndependentTargetsInParallel = 1;
				LastSwiftUpdateCheck = 1340;
				LastUpgradeCheck = 1340;
				TargetAttributes = {
					1291A670284508C5002937AD = {
						CreatedOnToolsVersion = 13.4;
					};
				};
			};
			buildConfigurationList = 1291A66C284508C5002937AD /* Build configuration list for PBXProject "OnDocCalendarDemo" */;
			compatibilityVersion = "Xcode 13.0";
			developmentRegion = en;
			hasScannedForEncodings = 0;
			knownRegions = (
				en,
				Base,
			);
			mainGroup = 1291A668284508C5002937AD;
			packageReferences = (
			);
			productRefGroup = 1291A672284508C5002937AD /* Products */;
			projectDirPath = "";
			projectRoot = "";
			targets = (
				1291A670284508C5002937AD /* OnDocCalendarDemo */,
			);
		};
/* End PBXProject section */

/* Begin PBXResourcesBuildPhase section */
		1291A66F284508C5002937AD /* Resources */ = {
			isa = PBXResourcesBuildPhase;
			buildActionMask = 2147483647;
			files = (
				1291A67C284508C7002937AD /* Preview Assets.xcassets in Resources */,
				1291A679284508C7002937AD /* Assets.xcassets in Resources */,
			);
			runOnlyForDeploymentPostprocessing = 0;
		};
/* End PBXResourcesBuildPhase section */

/* Begin PBXSourcesBuildPhase section */
		1291A66D284508C5002937AD /* Sources */ = {
			isa = PBXSourcesBuildPhase;
			buildActionMask = 2147483647;
			files = (
				1220DCC52845C9A700DFF497 /* ODCalendarWeekdayHeader.swift in Sources */,
				1220DCC82845C9A700DFF497 /* ODCalendarCell.swift in Sources */,
				1220DCC92845C9A700DFF497 /* ODCalendarManager.swift in Sources */,
				1220DCC72845C9A700DFF497 /* ODCalendarView.swift in Sources */,
				1220DCC62845C9A700DFF497 /* ODCalendarDate.swift in Sources */,
				1291A677284508C5002937AD /* ContentView.swift in Sources */,
				1220DCC42845C9A700DFF497 /* ODCalendarMonth.swift in Sources */,
				1291A675284508C5002937AD /* OnDocCalendarDemoApp.swift in Sources */,
				1220DCCA2845C9A700DFF497 /* ODCalendarColorSettings.swift in Sources */,
			);
			runOnlyForDeploymentPostprocessing = 0;
		};
/* End PBXSourcesBuildPhase section */

/* Begin XCBuildConfiguration section */
		1291A67D284508C7002937AD /* Debug */ = {
			isa = XCBuildConfiguration;
			buildSettings = {
				ALWAYS_SEARCH_USER_PATHS = NO;
				CLANG_ANALYZER_NONNULL = YES;
				CLANG_ANALYZER_NUMBER_OBJECT_CONVERSION = YES_AGGRESSIVE;
				CLANG_CXX_LANGUAGE_STANDARD = "gnu++17";
				CLANG_ENABLE_MODULES = YES;
				CLANG_ENABLE_OBJC_ARC = YES;
				CLANG_ENABLE_OBJC_WEAK = YES;
				CLANG_WARN_BLOCK_CAPTURE_AUTORELEASING = YES;
				CLANG_WARN_BOOL_CONVERSION = YES;
				CLANG_WARN_COMMA = YES;
				CLANG_WARN_CONSTANT_CONVERSION = YES;
				CLANG_WARN_DEPRECATED_OBJC_IMPLEMENTATIONS = YES;
				CLANG_WARN_DIRECT_OBJC_ISA_USAGE = YES_ERROR;
				CLANG_WARN_DOCUMENTATION_COMMENTS = YES;
				CLANG_WARN_EMPTY_BODY = YES;
				CLANG_WARN_ENUM_CONVERSION = YES;
				CLANG_WARN_INFINITE_RECURSION = YES;
				CLANG_WARN_INT_CONVERSION = YES;
				CLANG_WARN_NON_LITERAL_NULL_CONVERSION = YES;
				CLANG_WARN_OBJC_IMPLICIT_RETAIN_SELF = YES;
				CLANG_WARN_OBJC_LITERAL_CONVERSION = YES;
				CLANG_WARN_OBJC_ROOT_CLASS = YES_ERROR;
				CLANG_WARN_QUOTED_INCLUDE_IN_FRAMEWORK_HEADER = YES;
				CLANG_WARN_RANGE_LOOP_ANALYSIS = YES;
				CLANG_WARN_STRICT_PROTOTYPES = YES;
				CLANG_WARN_SUSPICIOUS_MOVE = YES;
				CLANG_WARN_UNGUARDED_AVAILABILITY = YES_AGGRESSIVE;
				CLANG_WARN_UNREACHABLE_CODE = YES;
				CLANG_WARN__DUPLICATE_METHOD_MATCH = YES;
				COPY_PHASE_STRIP = NO;
				DEBUG_INFORMATION_FORMAT = dwarf;
				ENABLE_STRICT_OBJC_MSGSEND = YES;
				ENABLE_TESTABILITY = YES;
				GCC_C_LANGUAGE_STANDARD = gnu11;
				GCC_DYNAMIC_NO_PIC = NO;
				GCC_NO_COMMON_BLOCKS = YES;
				GCC_OPTIMIZATION_LEVEL = 0;
				GCC_PREPROCESSOR_DEFINITIONS = (
					"DEBUG=1",
					"$(inherited)",
				);
				GCC_WARN_64_TO_32_BIT_CONVERSION = YES;
				GCC_WARN_ABOUT_RETURN_TYPE = YES_ERROR;
				GCC_WARN_UNDECLARED_SELECTOR = YES;
				GCC_WARN_UNINITIALIZED_AUTOS = YES_AGGRESSIVE;
				GCC_WARN_UNUSED_FUNCTION = YES;
				GCC_WARN_UNUSED_VARIABLE = YES;
				IPHONEOS_DEPLOYMENT_TARGET = 15.5;
				MTL_ENABLE_DEBUG_INFO = INCLUDE_SOURCE;
				MTL_FAST_MATH = YES;
				ONLY_ACTIVE_ARCH = YES;
				SDKROOT = iphoneos;
				SWIFT_ACTIVE_COMPILATION_CONDITIONS = DEBUG;
				SWIFT_OPTIMIZATION_LEVEL = "-Onone";
			};
			name = Debug;
		};
		1291A67E284508C7002937AD /* Release */ = {
			isa = XCBuildConfiguration;
			buildSettings = {
				ALWAYS_SEARCH_USER_PATHS = NO;
				CLANG_ANALYZER_NONNULL = YES;
				CLANG_ANALYZER_NUMBER_OBJECT_CONVERSION = YES_AGGRESSIVE;
				CLANG_CXX_LANGUAGE_STANDARD = "gnu++17";
				CLANG_ENABLE_MODULES = YES;
				CLANG_ENABLE_OBJC_ARC = YES;
				CLANG_ENABLE_OBJC_WEAK = YES;
				CLANG_WARN_BLOCK_CAPTURE_AUTORELEASING = YES;
				CLANG_WARN_BOOL_CONVERSION = YES;
				CLANG_WARN_COMMA = YES;
				CLANG_WARN_CONSTANT_CONVERSION = YES;
				CLANG_WARN_DEPRECATED_OBJC_IMPLEMENTATIONS = YES;
				CLANG_WARN_DIRECT_OBJC_ISA_USAGE = YES_ERROR;
				CLANG_WARN_DOCUMENTATION_COMMENTS = YES;
				CLANG_WARN_EMPTY_BODY = YES;
				CLANG_WARN_ENUM_CONVERSION = YES;
				CLANG_WARN_INFINITE_RECURSION = YES;
				CLANG_WARN_INT_CONVERSION = YES;
				CLANG_WARN_NON_LITERAL_NULL_CONVERSION = YES;
				CLANG_WARN_OBJC_IMPLICIT_RETAIN_SELF = YES;
				CLANG_WARN_OBJC_LITERAL_CONVERSION = YES;
				CLANG_WARN_OBJC_ROOT_CLASS = YES_ERROR;
				CLANG_WARN_QUOTED_INCLUDE_IN_FRAMEWORK_HEADER = YES;
				CLANG_WARN_RANGE_LOOP_ANALYSIS = YES;
				CLANG_WARN_STRICT_PROTOTYPES = YES;
				CLANG_WARN_SUSPICIOUS_MOVE = YES;
				CLANG_WARN_UNGUARDED_AVAILABILITY = YES_AGGRESSIVE;
				CLANG_WARN_UNREACHABLE_CODE = YES;
				CLANG_WARN__DUPLICATE_METHOD_MATCH = YES;
				COPY_PHASE_STRIP = NO;
				DEBUG_INFORMATION_FORMAT = "dwarf-with-dsym";
				ENABLE_NS_ASSERTIONS = NO;
				ENABLE_STRICT_OBJC_MSGSEND = YES;
				GCC_C_LANGUAGE_STANDARD = gnu11;
				GCC_NO_COMMON_BLOCKS = YES;
				GCC_WARN_64_TO_32_BIT_CONVERSION = YES;
				GCC_WARN_ABOUT_RETURN_TYPE = YES_ERROR;
				GCC_WARN_UNDECLARED_SELECTOR = YES;
				GCC_WARN_UNINITIALIZED_AUTOS = YES_AGGRESSIVE;
				GCC_WARN_UNUSED_FUNCTION = YES;
				GCC_WARN_UNUSED_VARIABLE = YES;
				IPHONEOS_DEPLOYMENT_TARGET = 15.5;
				MTL_ENABLE_DEBUG_INFO = NO;
				MTL_FAST_MATH = YES;
				SDKROOT = iphoneos;
				SWIFT_COMPILATION_MODE = wholemodule;
				SWIFT_OPTIMIZATION_LEVEL = "-O";
				VALIDATE_PRODUCT = YES;
			};
			name = Release;
		};
		1291A680284508C7002937AD /* Debug */ = {
			isa = XCBuildConfiguration;
			buildSettings = {
				ASSETCATALOG_COMPILER_APPICON_NAME = AppIcon;
				ASSETCATALOG_COMPILER_GLOBAL_ACCENT_COLOR_NAME = AccentColor;
				CODE_SIGN_STYLE = Automatic;
				CURRENT_PROJECT_VERSION = 1;
				DEVELOPMENT_ASSET_PATHS = "\"OnDocCalendarDemo/Preview Content\"";
				ENABLE_PREVIEWS = YES;
				GENERATE_INFOPLIST_FILE = YES;
				INFOPLIST_KEY_UIApplicationSceneManifest_Generation = YES;
				INFOPLIST_KEY_UIApplicationSupportsIndirectInputEvents = YES;
				INFOPLIST_KEY_UILaunchScreen_Generation = YES;
				INFOPLIST_KEY_UISupportedInterfaceOrientations_iPad = "UIInterfaceOrientationPortrait UIInterfaceOrientationPortraitUpsideDown UIInterfaceOrientationLandscapeLeft UIInterfaceOrientationLandscapeRight";
				INFOPLIST_KEY_UISupportedInterfaceOrientations_iPhone = "UIInterfaceOrientationPortrait UIInterfaceOrientationLandscapeLeft UIInterfaceOrientationLandscapeRight";
				LD_RUNPATH_SEARCH_PATHS = (
					"$(inherited)",
					"@executable_path/Frameworks",
				);
				MARKETING_VERSION = 1.0;
				PRODUCT_BUNDLE_IDENTIFIER = me.ondoc.OnDocCalendarDemo;
				PRODUCT_NAME = "$(TARGET_NAME)";
				SWIFT_EMIT_LOC_STRINGS = YES;
				SWIFT_VERSION = 5.0;
				TARGETED_DEVICE_FAMILY = "1,2";
			};
			name = Debug;
		};
		1291A681284508C7002937AD /* Release */ = {
			isa = XCBuildConfiguration;
			buildSettings = {
				ASSETCATALOG_COMPILER_APPICON_NAME = AppIcon;
				ASSETCATALOG_COMPILER_GLOBAL_ACCENT_COLOR_NAME = AccentColor;
				CODE_SIGN_STYLE = Automatic;
				CURRENT_PROJECT_VERSION = 1;
				DEVELOPMENT_ASSET_PATHS = "\"OnDocCalendarDemo/Preview Content\"";
				ENABLE_PREVIEWS = YES;
				GENERATE_INFOPLIST_FILE = YES;
				INFOPLIST_KEY_UIApplicationSceneManifest_Generation = YES;
				INFOPLIST_KEY_UIApplicationSupportsIndirectInputEvents = YES;
				INFOPLIST_KEY_UILaunchScreen_Generation = YES;
				INFOPLIST_KEY_UISupportedInterfaceOrientations_iPad = "UIInterfaceOrientationPortrait UIInterfaceOrientationPortraitUpsideDown UIInterfaceOrientationLandscapeLeft UIInterfaceOrientationLandscapeRight";
				INFOPLIST_KEY_UISupportedInterfaceOrientations_iPhone = "UIInterfaceOrientationPortrait UIInterfaceOrientationLandscapeLeft UIInterfaceOrientationLandscapeRight";
				LD_RUNPATH_SEARCH_PATHS = (
					"$(inherited)",
					"@executable_path/Frameworks",
				);
				MARKETING_VERSION = 1.0;
				PRODUCT_BUNDLE_IDENTIFIER = me.ondoc.OnDocCalendarDemo;
				PRODUCT_NAME = "$(TARGET_NAME)";
				SWIFT_EMIT_LOC_STRINGS = YES;
				SWIFT_VERSION = 5.0;
				TARGETED_DEVICE_FAMILY = "1,2";
			};
			name = Release;
		};
/* End XCBuildConfiguration section */

/* Begin XCConfigurationList section */
		1291A66C284508C5002937AD /* Build configuration list for PBXProject "OnDocCalendarDemo" */ = {
			isa = XCConfigurationList;
			buildConfigurations = (
				1291A67D284508C7002937AD /* Debug */,
				1291A67E284508C7002937AD /* Release */,
			);
			defaultConfigurationIsVisible = 0;
			defaultConfigurationName = Release;
		};
		1291A67F284508C7002937AD /* Build configuration list for PBXNativeTarget "OnDocCalendarDemo" */ = {
			isa = XCConfigurationList;
			buildConfigurations = (
				1291A680284508C7002937AD /* Debug */,
				1291A681284508C7002937AD /* Release */,
			);
			defaultConfigurationIsVisible = 0;
			defaultConfigurationName = Release;
		};
/* End XCConfigurationList section */
	};
	rootObject = 1291A669284508C5002937AD /* Project object */;
}
